// !$*UTF8*$!
{
	archiveVersion = 1;
	classes = {
	};
	objectVersion = 56;
	objects = {

/* Begin PBXBuildFile section */
		550580AC2B44E3B000B68DA7 /* ThoughtBoardApp.swift in Sources */ = {isa = PBXBuildFile; fileRef = 550580AB2B44E3B000B68DA7 /* ThoughtBoardApp.swift */; };
		550580AE2B44E3B000B68DA7 /* ContentView.swift in Sources */ = {isa = PBXBuildFile; fileRef = 550580AD2B44E3B000B68DA7 /* ContentView.swift */; };
		550580B02B44E3B200B68DA7 /* Assets.xcassets in Resources */ = {isa = PBXBuildFile; fileRef = 550580AF2B44E3B200B68DA7 /* Assets.xcassets */; };
		550580B42B44E3B200B68DA7 /* Preview Assets.xcassets in Resources */ = {isa = PBXBuildFile; fileRef = 550580B32B44E3B200B68DA7 /* Preview Assets.xcassets */; };
		550580BE2B44E3B200B68DA7 /* ThoughtBoardTests.swift in Sources */ = {isa = PBXBuildFile; fileRef = 550580BD2B44E3B200B68DA7 /* ThoughtBoardTests.swift */; };
		550580C82B44E3B200B68DA7 /* ThoughtBoardUITests.swift in Sources */ = {isa = PBXBuildFile; fileRef = 550580C72B44E3B200B68DA7 /* ThoughtBoardUITests.swift */; };
		550580CA2B44E3B200B68DA7 /* ThoughtBoardUITestsLaunchTests.swift in Sources */ = {isa = PBXBuildFile; fileRef = 550580C92B44E3B200B68DA7 /* ThoughtBoardUITestsLaunchTests.swift */; };
/* End PBXBuildFile section */

/* Begin PBXContainerItemProxy section */
		550580BA2B44E3B200B68DA7 /* PBXContainerItemProxy */ = {
			isa = PBXContainerItemProxy;
			containerPortal = 550580A02B44E3AF00B68DA7 /* Project object */;
			proxyType = 1;
			remoteGlobalIDString = 550580A72B44E3B000B68DA7;
			remoteInfo = ThoughtBoard;
		};
		550580C42B44E3B200B68DA7 /* PBXContainerItemProxy */ = {
			isa = PBXContainerItemProxy;
			containerPortal = 550580A02B44E3AF00B68DA7 /* Project object */;
			proxyType = 1;
			remoteGlobalIDString = 550580A72B44E3B000B68DA7;
			remoteInfo = ThoughtBoard;
		};
/* End PBXContainerItemProxy section */

/* Begin PBXFileReference section */
		550580A82B44E3B000B68DA7 /* ThoughtBoard.app */ = {isa = PBXFileReference; explicitFileType = wrapper.application; includeInIndex = 0; path = ThoughtBoard.app; sourceTree = BUILT_PRODUCTS_DIR; };
		550580AB2B44E3B000B68DA7 /* ThoughtBoardApp.swift */ = {isa = PBXFileReference; lastKnownFileType = sourcecode.swift; path = ThoughtBoardApp.swift; sourceTree = "<group>"; };
		550580AD2B44E3B000B68DA7 /* ContentView.swift */ = {isa = PBXFileReference; lastKnownFileType = sourcecode.swift; path = ContentView.swift; sourceTree = "<group>"; };
		550580AF2B44E3B200B68DA7 /* Assets.xcassets */ = {isa = PBXFileReference; lastKnownFileType = folder.assetcatalog; path = Assets.xcassets; sourceTree = "<group>"; };
		550580B12B44E3B200B68DA7 /* ThoughtBoard.entitlements */ = {isa = PBXFileReference; lastKnownFileType = text.plist.entitlements; path = ThoughtBoard.entitlements; sourceTree = "<group>"; };
		550580B32B44E3B200B68DA7 /* Preview Assets.xcassets */ = {isa = PBXFileReference; lastKnownFileType = folder.assetcatalog; path = "Preview Assets.xcassets"; sourceTree = "<group>"; };
		550580B92B44E3B200B68DA7 /* ThoughtBoardTests.xctest */ = {isa = PBXFileReference; explicitFileType = wrapper.cfbundle; includeInIndex = 0; path = ThoughtBoardTests.xctest; sourceTree = BUILT_PRODUCTS_DIR; };
		550580BD2B44E3B200B68DA7 /* ThoughtBoardTests.swift */ = {isa = PBXFileReference; lastKnownFileType = sourcecode.swift; path = ThoughtBoardTests.swift; sourceTree = "<group>"; };
		550580C32B44E3B200B68DA7 /* ThoughtBoardUITests.xctest */ = {isa = PBXFileReference; explicitFileType = wrapper.cfbundle; includeInIndex = 0; path = ThoughtBoardUITests.xctest; sourceTree = BUILT_PRODUCTS_DIR; };
		550580C72B44E3B200B68DA7 /* ThoughtBoardUITests.swift */ = {isa = PBXFileReference; lastKnownFileType = sourcecode.swift; path = ThoughtBoardUITests.swift; sourceTree = "<group>"; };
		550580C92B44E3B200B68DA7 /* ThoughtBoardUITestsLaunchTests.swift */ = {isa = PBXFileReference; lastKnownFileType = sourcecode.swift; path = ThoughtBoardUITestsLaunchTests.swift; sourceTree = "<group>"; };
/* End PBXFileReference section */

/* Begin PBXFrameworksBuildPhase section */
		550580A52B44E3B000B68DA7 /* Frameworks */ = {
			isa = PBXFrameworksBuildPhase;
			buildActionMask = 2147483647;
			files = (
			);
			runOnlyForDeploymentPostprocessing = 0;
		};
		550580B62B44E3B200B68DA7 /* Frameworks */ = {
			isa = PBXFrameworksBuildPhase;
			buildActionMask = 2147483647;
			files = (
			);
			runOnlyForDeploymentPostprocessing = 0;
		};
		550580C02B44E3B200B68DA7 /* Frameworks */ = {
			isa = PBXFrameworksBuildPhase;
			buildActionMask = 2147483647;
			files = (
			);
			runOnlyForDeploymentPostprocessing = 0;
		};
/* End PBXFrameworksBuildPhase section */

/* Begin PBXGroup section */
		5505809F2B44E3AF00B68DA7 = {
			isa = PBXGroup;
			children = (
				550580AA2B44E3B000B68DA7 /* ThoughtBoard */,
				550580BC2B44E3B200B68DA7 /* ThoughtBoardTests */,
				550580C62B44E3B200B68DA7 /* ThoughtBoardUITests */,
				550580A92B44E3B000B68DA7 /* Products */,
			);
			sourceTree = "<group>";
		};
		550580A92B44E3B000B68DA7 /* Products */ = {
			isa = PBXGroup;
			children = (
				550580A82B44E3B000B68DA7 /* ThoughtBoard.app */,
				550580B92B44E3B200B68DA7 /* ThoughtBoardTests.xctest */,
				550580C32B44E3B200B68DA7 /* ThoughtBoardUITests.xctest */,
			);
			name = Products;
			sourceTree = "<group>";
		};
		550580AA2B44E3B000B68DA7 /* ThoughtBoard */ = {
			isa = PBXGroup;
			children = (
				550580AB2B44E3B000B68DA7 /* ThoughtBoardApp.swift */,
				550580AD2B44E3B000B68DA7 /* ContentView.swift */,
				550580AF2B44E3B200B68DA7 /* Assets.xcassets */,
				550580B12B44E3B200B68DA7 /* ThoughtBoard.entitlements */,
				550580B22B44E3B200B68DA7 /* Preview Content */,
			);
			path = ThoughtBoard;
			sourceTree = "<group>";
		};
		550580B22B44E3B200B68DA7 /* Preview Content */ = {
			isa = PBXGroup;
			children = (
				550580B32B44E3B200B68DA7 /* Preview Assets.xcassets */,
			);
			path = "Preview Content";
			sourceTree = "<group>";
		};
		550580BC2B44E3B200B68DA7 /* ThoughtBoardTests */ = {
			isa = PBXGroup;
			children = (
				550580BD2B44E3B200B68DA7 /* ThoughtBoardTests.swift */,
			);
			path = ThoughtBoardTests;
			sourceTree = "<group>";
		};
		550580C62B44E3B200B68DA7 /* ThoughtBoardUITests */ = {
			isa = PBXGroup;
			children = (
				550580C72B44E3B200B68DA7 /* ThoughtBoardUITests.swift */,
				550580C92B44E3B200B68DA7 /* ThoughtBoardUITestsLaunchTests.swift */,
			);
			path = ThoughtBoardUITests;
			sourceTree = "<group>";
		};
/* End PBXGroup section */

/* Begin PBXNativeTarget section */
		550580A72B44E3B000B68DA7 /* ThoughtBoard */ = {
			isa = PBXNativeTarget;
			buildConfigurationList = 550580CD2B44E3B200B68DA7 /* Build configuration list for PBXNativeTarget "ThoughtBoard" */;
			buildPhases = (
				550580A42B44E3B000B68DA7 /* Sources */,
				550580A52B44E3B000B68DA7 /* Frameworks */,
				550580A62B44E3B000B68DA7 /* Resources */,
			);
			buildRules = (
			);
			dependencies = (
			);
			name = ThoughtBoard;
			productName = ThoughtBoard;
			productReference = 550580A82B44E3B000B68DA7 /* ThoughtBoard.app */;
			productType = "com.apple.product-type.application";
		};
		550580B82B44E3B200B68DA7 /* ThoughtBoardTests */ = {
			isa = PBXNativeTarget;
			buildConfigurationList = 550580D02B44E3B200B68DA7 /* Build configuration list for PBXNativeTarget "ThoughtBoardTests" */;
			buildPhases = (
				550580B52B44E3B200B68DA7 /* Sources */,
				550580B62B44E3B200B68DA7 /* Frameworks */,
				550580B72B44E3B200B68DA7 /* Resources */,
			);
			buildRules = (
			);
			dependencies = (
				550580BB2B44E3B200B68DA7 /* PBXTargetDependency */,
			);
			name = ThoughtBoardTests;
			productName = ThoughtBoardTests;
			productReference = 550580B92B44E3B200B68DA7 /* ThoughtBoardTests.xctest */;
			productType = "com.apple.product-type.bundle.unit-test";
		};
		550580C22B44E3B200B68DA7 /* ThoughtBoardUITests */ = {
			isa = PBXNativeTarget;
			buildConfigurationList = 550580D32B44E3B200B68DA7 /* Build configuration list for PBXNativeTarget "ThoughtBoardUITests" */;
			buildPhases = (
				550580BF2B44E3B200B68DA7 /* Sources */,
				550580C02B44E3B200B68DA7 /* Frameworks */,
				550580C12B44E3B200B68DA7 /* Resources */,
			);
			buildRules = (
			);
			dependencies = (
				550580C52B44E3B200B68DA7 /* PBXTargetDependency */,
			);
			name = ThoughtBoardUITests;
			productName = ThoughtBoardUITests;
			productReference = 550580C32B44E3B200B68DA7 /* ThoughtBoardUITests.xctest */;
			productType = "com.apple.product-type.bundle.ui-testing";
		};
/* End PBXNativeTarget section */

/* Begin PBXProject section */
		550580A02B44E3AF00B68DA7 /* Project object */ = {
			isa = PBXProject;
			attributes = {
				BuildIndependentTargetsInParallel = 1;
				LastSwiftUpdateCheck = 1430;
				LastUpgradeCheck = 1430;
				TargetAttributes = {
					550580A72B44E3B000B68DA7 = {
						CreatedOnToolsVersion = 14.3.1;
					};
					550580B82B44E3B200B68DA7 = {
						CreatedOnToolsVersion = 14.3.1;
						TestTargetID = 550580A72B44E3B000B68DA7;
					};
					550580C22B44E3B200B68DA7 = {
						CreatedOnToolsVersion = 14.3.1;
						TestTargetID = 550580A72B44E3B000B68DA7;
					};
				};
			};
			buildConfigurationList = 550580A32B44E3AF00B68DA7 /* Build configuration list for PBXProject "ThoughtBoard" */;
			compatibilityVersion = "Xcode 14.0";
			developmentRegion = en;
			hasScannedForEncodings = 0;
			knownRegions = (
				en,
				Base,
			);
			mainGroup = 5505809F2B44E3AF00B68DA7;
			productRefGroup = 550580A92B44E3B000B68DA7 /* Products */;
			projectDirPath = "";
			projectRoot = "";
			targets = (
				550580A72B44E3B000B68DA7 /* ThoughtBoard */,
				550580B82B44E3B200B68DA7 /* ThoughtBoardTests */,
				550580C22B44E3B200B68DA7 /* ThoughtBoardUITests */,
			);
		};
/* End PBXProject section */

/* Begin PBXResourcesBuildPhase section */
		550580A62B44E3B000B68DA7 /* Resources */ = {
			isa = PBXResourcesBuildPhase;
			buildActionMask = 2147483647;
			files = (
				550580B42B44E3B200B68DA7 /* Preview Assets.xcassets in Resources */,
				550580B02B44E3B200B68DA7 /* Assets.xcassets in Resources */,
			);
			runOnlyForDeploymentPostprocessing = 0;
		};
		550580B72B44E3B200B68DA7 /* Resources */ = {
			isa = PBXResourcesBuildPhase;
			buildActionMask = 2147483647;
			files = (
			);
			runOnlyForDeploymentPostprocessing = 0;
		};
		550580C12B44E3B200B68DA7 /* Resources */ = {
			isa = PBXResourcesBuildPhase;
			buildActionMask = 2147483647;
			files = (
			);
			runOnlyForDeploymentPostprocessing = 0;
		};
/* End PBXResourcesBuildPhase section */

/* Begin PBXSourcesBuildPhase section */
		550580A42B44E3B000B68DA7 /* Sources */ = {
			isa = PBXSourcesBuildPhase;
			buildActionMask = 2147483647;
			files = (
				550580AE2B44E3B000B68DA7 /* ContentView.swift in Sources */,
				550580AC2B44E3B000B68DA7 /* ThoughtBoardApp.swift in Sources */,
			);
			runOnlyForDeploymentPostprocessing = 0;
		};
		550580B52B44E3B200B68DA7 /* Sources */ = {
			isa = PBXSourcesBuildPhase;
			buildActionMask = 2147483647;
			files = (
				550580BE2B44E3B200B68DA7 /* ThoughtBoardTests.swift in Sources */,
			);
			runOnlyForDeploymentPostprocessing = 0;
		};
		550580BF2B44E3B200B68DA7 /* Sources */ = {
			isa = PBXSourcesBuildPhase;
			buildActionMask = 2147483647;
			files = (
				550580C82B44E3B200B68DA7 /* ThoughtBoardUITests.swift in Sources */,
				550580CA2B44E3B200B68DA7 /* ThoughtBoardUITestsLaunchTests.swift in Sources */,
			);
			runOnlyForDeploymentPostprocessing = 0;
		};
/* End PBXSourcesBuildPhase section */

/* Begin PBXTargetDependency section */
		550580BB2B44E3B200B68DA7 /* PBXTargetDependency */ = {
			isa = PBXTargetDependency;
			target = 550580A72B44E3B000B68DA7 /* ThoughtBoard */;
			targetProxy = 550580BA2B44E3B200B68DA7 /* PBXContainerItemProxy */;
		};
		550580C52B44E3B200B68DA7 /* PBXTargetDependency */ = {
			isa = PBXTargetDependency;
			target = 550580A72B44E3B000B68DA7 /* ThoughtBoard */;
			targetProxy = 550580C42B44E3B200B68DA7 /* PBXContainerItemProxy */;
		};
/* End PBXTargetDependency section */

/* Begin XCBuildConfiguration section */
		550580CB2B44E3B200B68DA7 /* Debug */ = {
			isa = XCBuildConfiguration;
			buildSettings = {
				ALWAYS_SEARCH_USER_PATHS = NO;
				CLANG_ANALYZER_NONNULL = YES;
				CLANG_ANALYZER_NUMBER_OBJECT_CONVERSION = YES_AGGRESSIVE;
				CLANG_CXX_LANGUAGE_STANDARD = "gnu++20";
				CLANG_ENABLE_MODULES = YES;
				CLANG_ENABLE_OBJC_ARC = YES;
				CLANG_ENABLE_OBJC_WEAK = YES;
				CLANG_WARN_BLOCK_CAPTURE_AUTORELEASING = YES;
				CLANG_WARN_BOOL_CONVERSION = YES;
				CLANG_WARN_COMMA = YES;
				CLANG_WARN_CONSTANT_CONVERSION = YES;
				CLANG_WARN_DEPRECATED_OBJC_IMPLEMENTATIONS = YES;
				CLANG_WARN_DIRECT_OBJC_ISA_USAGE = YES_ERROR;
				CLANG_WARN_DOCUMENTATION_COMMENTS = YES;
				CLANG_WARN_EMPTY_BODY = YES;
				CLANG_WARN_ENUM_CONVERSION = YES;
				CLANG_WARN_INFINITE_RECURSION = YES;
				CLANG_WARN_INT_CONVERSION = YES;
				CLANG_WARN_NON_LITERAL_NULL_CONVERSION = YES;
				CLANG_WARN_OBJC_IMPLICIT_RETAIN_SELF = YES;
				CLANG_WARN_OBJC_LITERAL_CONVERSION = YES;
				CLANG_WARN_OBJC_ROOT_CLASS = YES_ERROR;
				CLANG_WARN_QUOTED_INCLUDE_IN_FRAMEWORK_HEADER = YES;
				CLANG_WARN_RANGE_LOOP_ANALYSIS = YES;
				CLANG_WARN_STRICT_PROTOTYPES = YES;
				CLANG_WARN_SUSPICIOUS_MOVE = YES;
				CLANG_WARN_UNGUARDED_AVAILABILITY = YES_AGGRESSIVE;
				CLANG_WARN_UNREACHABLE_CODE = YES;
				CLANG_WARN__DUPLICATE_METHOD_MATCH = YES;
				COPY_PHASE_STRIP = NO;
				DEBUG_INFORMATION_FORMAT = dwarf;
				ENABLE_STRICT_OBJC_MSGSEND = YES;
				ENABLE_TESTABILITY = YES;
				GCC_C_LANGUAGE_STANDARD = gnu11;
				GCC_DYNAMIC_NO_PIC = NO;
				GCC_NO_COMMON_BLOCKS = YES;
				GCC_OPTIMIZATION_LEVEL = 0;
				GCC_PREPROCESSOR_DEFINITIONS = (
					"DEBUG=1",
					"$(inherited)",
				);
				GCC_WARN_64_TO_32_BIT_CONVERSION = YES;
				GCC_WARN_ABOUT_RETURN_TYPE = YES_ERROR;
				GCC_WARN_UNDECLARED_SELECTOR = YES;
				GCC_WARN_UNINITIALIZED_AUTOS = YES_AGGRESSIVE;
				GCC_WARN_UNUSED_FUNCTION = YES;
				GCC_WARN_UNUSED_VARIABLE = YES;
				MTL_ENABLE_DEBUG_INFO = INCLUDE_SOURCE;
				MTL_FAST_MATH = YES;
				ONLY_ACTIVE_ARCH = YES;
				SWIFT_ACTIVE_COMPILATION_CONDITIONS = DEBUG;
				SWIFT_OPTIMIZATION_LEVEL = "-Onone";
			};
			name = Debug;
		};
		550580CC2B44E3B200B68DA7 /* Release */ = {
			isa = XCBuildConfiguration;
			buildSettings = {
				ALWAYS_SEARCH_USER_PATHS = NO;
				CLANG_ANALYZER_NONNULL = YES;
				CLANG_ANALYZER_NUMBER_OBJECT_CONVERSION = YES_AGGRESSIVE;
				CLANG_CXX_LANGUAGE_STANDARD = "gnu++20";
				CLANG_ENABLE_MODULES = YES;
				CLANG_ENABLE_OBJC_ARC = YES;
				CLANG_ENABLE_OBJC_WEAK = YES;
				CLANG_WARN_BLOCK_CAPTURE_AUTORELEASING = YES;
				CLANG_WARN_BOOL_CONVERSION = YES;
				CLANG_WARN_COMMA = YES;
				CLANG_WARN_CONSTANT_CONVERSION = YES;
				CLANG_WARN_DEPRECATED_OBJC_IMPLEMENTATIONS = YES;
				CLANG_WARN_DIRECT_OBJC_ISA_USAGE = YES_ERROR;
				CLANG_WARN_DOCUMENTATION_COMMENTS = YES;
				CLANG_WARN_EMPTY_BODY = YES;
				CLANG_WARN_ENUM_CONVERSION = YES;
				CLANG_WARN_INFINITE_RECURSION = YES;
				CLANG_WARN_INT_CONVERSION = YES;
				CLANG_WARN_NON_LITERAL_NULL_CONVERSION = YES;
				CLANG_WARN_OBJC_IMPLICIT_RETAIN_SELF = YES;
				CLANG_WARN_OBJC_LITERAL_CONVERSION = YES;
				CLANG_WARN_OBJC_ROOT_CLASS = YES_ERROR;
				CLANG_WARN_QUOTED_INCLUDE_IN_FRAMEWORK_HEADER = YES;
				CLANG_WARN_RANGE_LOOP_ANALYSIS = YES;
				CLANG_WARN_STRICT_PROTOTYPES = YES;
				CLANG_WARN_SUSPICIOUS_MOVE = YES;
				CLANG_WARN_UNGUARDED_AVAILABILITY = YES_AGGRESSIVE;
				CLANG_WARN_UNREACHABLE_CODE = YES;
				CLANG_WARN__DUPLICATE_METHOD_MATCH = YES;
				COPY_PHASE_STRIP = NO;
				DEBUG_INFORMATION_FORMAT = "dwarf-with-dsym";
				ENABLE_NS_ASSERTIONS = NO;
				ENABLE_STRICT_OBJC_MSGSEND = YES;
				GCC_C_LANGUAGE_STANDARD = gnu11;
				GCC_NO_COMMON_BLOCKS = YES;
				GCC_WARN_64_TO_32_BIT_CONVERSION = YES;
				GCC_WARN_ABOUT_RETURN_TYPE = YES_ERROR;
				GCC_WARN_UNDECLARED_SELECTOR = YES;
				GCC_WARN_UNINITIALIZED_AUTOS = YES_AGGRESSIVE;
				GCC_WARN_UNUSED_FUNCTION = YES;
				GCC_WARN_UNUSED_VARIABLE = YES;
				MTL_ENABLE_DEBUG_INFO = NO;
				MTL_FAST_MATH = YES;
				SWIFT_COMPILATION_MODE = wholemodule;
				SWIFT_OPTIMIZATION_LEVEL = "-O";
			};
			name = Release;
		};
		550580CE2B44E3B200B68DA7 /* Debug */ = {
			isa = XCBuildConfiguration;
			buildSettings = {
				ASSETCATALOG_COMPILER_APPICON_NAME = AppIcon;
				ASSETCATALOG_COMPILER_GLOBAL_ACCENT_COLOR_NAME = AccentColor;
				CODE_SIGN_ENTITLEMENTS = ThoughtBoard/ThoughtBoard.entitlements;
				CODE_SIGN_STYLE = Automatic;
				CURRENT_PROJECT_VERSION = 1;
				DEVELOPMENT_ASSET_PATHS = "\"ThoughtBoard/Preview Content\"";
				ENABLE_PREVIEWS = YES;
				GENERATE_INFOPLIST_FILE = YES;
				"INFOPLIST_KEY_UIApplicationSceneManifest_Generation[sdk=iphoneos*]" = YES;
				"INFOPLIST_KEY_UIApplicationSceneManifest_Generation[sdk=iphonesimulator*]" = YES;
				"INFOPLIST_KEY_UIApplicationSupportsIndirectInputEvents[sdk=iphoneos*]" = YES;
				"INFOPLIST_KEY_UIApplicationSupportsIndirectInputEvents[sdk=iphonesimulator*]" = YES;
				"INFOPLIST_KEY_UILaunchScreen_Generation[sdk=iphoneos*]" = YES;
				"INFOPLIST_KEY_UILaunchScreen_Generation[sdk=iphonesimulator*]" = YES;
				"INFOPLIST_KEY_UIStatusBarStyle[sdk=iphoneos*]" = UIStatusBarStyleDefault;
				"INFOPLIST_KEY_UIStatusBarStyle[sdk=iphonesimulator*]" = UIStatusBarStyleDefault;
				INFOPLIST_KEY_UISupportedInterfaceOrientations_iPad = "UIInterfaceOrientationPortrait UIInterfaceOrientationPortraitUpsideDown UIInterfaceOrientationLandscapeLeft UIInterfaceOrientationLandscapeRight";
				INFOPLIST_KEY_UISupportedInterfaceOrientations_iPhone = "UIInterfaceOrientationPortrait UIInterfaceOrientationLandscapeLeft UIInterfaceOrientationLandscapeRight";
				IPHONEOS_DEPLOYMENT_TARGET = 16.4;
				LD_RUNPATH_SEARCH_PATHS = "@executable_path/Frameworks";
				"LD_RUNPATH_SEARCH_PATHS[sdk=macosx*]" = "@executable_path/../Frameworks";
				MACOSX_DEPLOYMENT_TARGET = 13.0;
				MARKETING_VERSION = 1.0;
				PRODUCT_BUNDLE_IDENTIFIER = ThoughtBoard.ThoughtBoard;
				PRODUCT_NAME = "$(TARGET_NAME)";
				SDKROOT = auto;
				SUPPORTED_PLATFORMS = "iphoneos iphonesimulator macosx";
				SWIFT_EMIT_LOC_STRINGS = YES;
				SWIFT_VERSION = 5.0;
				TARGETED_DEVICE_FAMILY = "1,2";
			};
			name = Debug;
		};
		550580CF2B44E3B200B68DA7 /* Release */ = {
			isa = XCBuildConfiguration;
			buildSettings = {
				ASSETCATALOG_COMPILER_APPICON_NAME = AppIcon;
				ASSETCATALOG_COMPILER_GLOBAL_ACCENT_COLOR_NAME = AccentColor;
				CODE_SIGN_ENTITLEMENTS = ThoughtBoard/ThoughtBoard.entitlements;
				CODE_SIGN_STYLE = Automatic;
				CURRENT_PROJECT_VERSION = 1;
				DEVELOPMENT_ASSET_PATHS = "\"ThoughtBoard/Preview Content\"";
				ENABLE_PREVIEWS = YES;
				GENERATE_INFOPLIST_FILE = YES;
				"INFOPLIST_KEY_UIApplicationSceneManifest_Generation[sdk=iphoneos*]" = YES;
				"INFOPLIST_KEY_UIApplicationSceneManifest_Generation[sdk=iphonesimulator*]" = YES;
				"INFOPLIST_KEY_UIApplicationSupportsIndirectInputEvents[sdk=iphoneos*]" = YES;
				"INFOPLIST_KEY_UIApplicationSupportsIndirectInputEvents[sdk=iphonesimulator*]" = YES;
				"INFOPLIST_KEY_UILaunchScreen_Generation[sdk=iphoneos*]" = YES;
				"INFOPLIST_KEY_UILaunchScreen_Generation[sdk=iphonesimulator*]" = YES;
				"INFOPLIST_KEY_UIStatusBarStyle[sdk=iphoneos*]" = UIStatusBarStyleDefault;
				"INFOPLIST_KEY_UIStatusBarStyle[sdk=iphonesimulator*]" = UIStatusBarStyleDefault;
				INFOPLIST_KEY_UISupportedInterfaceOrientations_iPad = "UIInterfaceOrientationPortrait UIInterfaceOrientationPortraitUpsideDown UIInterfaceOrientationLandscapeLeft UIInterfaceOrientationLandscapeRight";
				INFOPLIST_KEY_UISupportedInterfaceOrientations_iPhone = "UIInterfaceOrientationPortrait UIInterfaceOrientationLandscapeLeft UIInterfaceOrientationLandscapeRight";
				IPHONEOS_DEPLOYMENT_TARGET = 16.4;
				LD_RUNPATH_SEARCH_PATHS = "@executable_path/Frameworks";
				"LD_RUNPATH_SEARCH_PATHS[sdk=macosx*]" = "@executable_path/../Frameworks";
				MACOSX_DEPLOYMENT_TARGET = 13.0;
				MARKETING_VERSION = 1.0;
				PRODUCT_BUNDLE_IDENTIFIER = ThoughtBoard.ThoughtBoard;
				PRODUCT_NAME = "$(TARGET_NAME)";
				SDKROOT = auto;
				SUPPORTED_PLATFORMS = "iphoneos iphonesimulator macosx";
				SWIFT_EMIT_LOC_STRINGS = YES;
				SWIFT_VERSION = 5.0;
				TARGETED_DEVICE_FAMILY = "1,2";
			};
			name = Release;
		};
		550580D12B44E3B200B68DA7 /* Debug */ = {
			isa = XCBuildConfiguration;
			buildSettings = {
				ALWAYS_EMBED_SWIFT_STANDARD_LIBRARIES = YES;
				BUNDLE_LOADER = "$(TEST_HOST)";
				CODE_SIGN_STYLE = Automatic;
				CURRENT_PROJECT_VERSION = 1;
				GENERATE_INFOPLIST_FILE = YES;
				IPHONEOS_DEPLOYMENT_TARGET = 16.4;
				MACOSX_DEPLOYMENT_TARGET = 13.0;
				MARKETING_VERSION = 1.0;
				PRODUCT_BUNDLE_IDENTIFIER = ThoughtBoard.ThoughtBoardTests;
				PRODUCT_NAME = "$(TARGET_NAME)";
				SDKROOT = auto;
				SUPPORTED_PLATFORMS = "iphoneos iphonesimulator macosx";
				SWIFT_EMIT_LOC_STRINGS = NO;
				SWIFT_VERSION = 5.0;
				TARGETED_DEVICE_FAMILY = "1,2";
				TEST_HOST = "$(BUILT_PRODUCTS_DIR)/ThoughtBoard.app/$(BUNDLE_EXECUTABLE_FOLDER_PATH)/ThoughtBoard";
			};
			name = Debug;
		};
		550580D22B44E3B200B68DA7 /* Release */ = {
			isa = XCBuildConfiguration;
			buildSettings = {
				ALWAYS_EMBED_SWIFT_STANDARD_LIBRARIES = YES;
				BUNDLE_LOADER = "$(TEST_HOST)";
				CODE_SIGN_STYLE = Automatic;
				CURRENT_PROJECT_VERSION = 1;
				GENERATE_INFOPLIST_FILE = YES;
				IPHONEOS_DEPLOYMENT_TARGET = 16.4;
				MACOSX_DEPLOYMENT_TARGET = 13.0;
				MARKETING_VERSION = 1.0;
				PRODUCT_BUNDLE_IDENTIFIER = ThoughtBoard.ThoughtBoardTests;
				PRODUCT_NAME = "$(TARGET_NAME)";
				SDKROOT = auto;
				SUPPORTED_PLATFORMS = "iphoneos iphonesimulator macosx";
				SWIFT_EMIT_LOC_STRINGS = NO;
				SWIFT_VERSION = 5.0;
				TARGETED_DEVICE_FAMILY = "1,2";
				TEST_HOST = "$(BUILT_PRODUCTS_DIR)/ThoughtBoard.app/$(BUNDLE_EXECUTABLE_FOLDER_PATH)/ThoughtBoard";
			};
			name = Release;
		};
		550580D42B44E3B200B68DA7 /* Debug */ = {
			isa = XCBuildConfiguration;
			buildSettings = {
				ALWAYS_EMBED_SWIFT_STANDARD_LIBRARIES = YES;
				CODE_SIGN_STYLE = Automatic;
				CURRENT_PROJECT_VERSION = 1;
				GENERATE_INFOPLIST_FILE = YES;
				IPHONEOS_DEPLOYMENT_TARGET = 16.4;
				MACOSX_DEPLOYMENT_TARGET = 13.0;
				MARKETING_VERSION = 1.0;
				PRODUCT_BUNDLE_IDENTIFIER = ThoughtBoard.ThoughtBoardUITests;
				PRODUCT_NAME = "$(TARGET_NAME)";
				SDKROOT = auto;
				SUPPORTED_PLATFORMS = "iphoneos iphonesimulator macosx";
				SWIFT_EMIT_LOC_STRINGS = NO;
				SWIFT_VERSION = 5.0;
				TARGETED_DEVICE_FAMILY = "1,2";
				TEST_TARGET_NAME = ThoughtBoard;
			};
			name = Debug;
		};
		550580D52B44E3B200B68DA7 /* Release */ = {
			isa = XCBuildConfiguration;
			buildSettings = {
				ALWAYS_EMBED_SWIFT_STANDARD_LIBRARIES = YES;
				CODE_SIGN_STYLE = Automatic;
				CURRENT_PROJECT_VERSION = 1;
				GENERATE_INFOPLIST_FILE = YES;
				IPHONEOS_DEPLOYMENT_TARGET = 16.4;
				MACOSX_DEPLOYMENT_TARGET = 13.0;
				MARKETING_VERSION = 1.0;
				PRODUCT_BUNDLE_IDENTIFIER = ThoughtBoard.ThoughtBoardUITests;
				PRODUCT_NAME = "$(TARGET_NAME)";
				SDKROOT = auto;
				SUPPORTED_PLATFORMS = "iphoneos iphonesimulator macosx";
				SWIFT_EMIT_LOC_STRINGS = NO;
				SWIFT_VERSION = 5.0;
				TARGETED_DEVICE_FAMILY = "1,2";
				TEST_TARGET_NAME = ThoughtBoard;
			};
			name = Release;
		};
/* End XCBuildConfiguration section */

/* Begin XCConfigurationList section */
		550580A32B44E3AF00B68DA7 /* Build configuration list for PBXProject "ThoughtBoard" */ = {
			isa = XCConfigurationList;
			buildConfigurations = (
				550580CB2B44E3B200B68DA7 /* Debug */,
				550580CC2B44E3B200B68DA7 /* Release */,
			);
			defaultConfigurationIsVisible = 0;
			defaultConfigurationName = Release;
		};
		550580CD2B44E3B200B68DA7 /* Build configuration list for PBXNativeTarget "ThoughtBoard" */ = {
			isa = XCConfigurationList;
			buildConfigurations = (
				550580CE2B44E3B200B68DA7 /* Debug */,
				550580CF2B44E3B200B68DA7 /* Release */,
			);
			defaultConfigurationIsVisible = 0;
			defaultConfigurationName = Release;
		};
		550580D02B44E3B200B68DA7 /* Build configuration list for PBXNativeTarget "ThoughtBoardTests" */ = {
			isa = XCConfigurationList;
			buildConfigurations = (
				550580D12B44E3B200B68DA7 /* Debug */,
				550580D22B44E3B200B68DA7 /* Release */,
			);
			defaultConfigurationIsVisible = 0;
			defaultConfigurationName = Release;
		};
		550580D32B44E3B200B68DA7 /* Build configuration list for PBXNativeTarget "ThoughtBoardUITests" */ = {
			isa = XCConfigurationList;
			buildConfigurations = (
				550580D42B44E3B200B68DA7 /* Debug */,
				550580D52B44E3B200B68DA7 /* Release */,
			);
			defaultConfigurationIsVisible = 0;
			defaultConfigurationName = Release;
		};
/* End XCConfigurationList section */
	};
	rootObject = 550580A02B44E3AF00B68DA7 /* Project object */;
}
